
Microsoft Visual Studio Solution File, Format Version 12.00
# Visual Studio Version 16
VisualStudioVersion = 16.0.30225.117
MinimumVisualStudioVersion = 10.0.40219.1
Project("{9A19103F-16F7-4668-BE54-9A1E7A4F7556}") = "ZamjenaDomova.WebAPI", "ZamjenaDomova.WebAPI\ZamjenaDomova.WebAPI.csproj", "{D6D4535B-69C3-4A73-9C6F-DE963BB89778}"
EndProject
Project("{9A19103F-16F7-4668-BE54-9A1E7A4F7556}") = "ZamjenaDomova.Model", "ZamjenaDomova.Model\ZamjenaDomova.Model.csproj", "{9BA792ED-E29B-459F-8556-0B12C314C7B9}"
EndProject
Project("{FAE04EC0-301F-11D3-BF4B-00C04F79EFBC}") = "ZamjenaDomova.WinUI", "ZamjenaDomova.WinUI\ZamjenaDomova.WinUI.csproj", "{2343D835-CE45-40D3-A3A0-1EB787E17628}"
EndProject
Project("{2150E333-8FDC-42A3-9474-1A3956D46DE8}") = "UI", "UI", "{BA92612D-CEB9-47B7-BCC6-2BDBF767489D}"
EndProject
Project("{FAE04EC0-301F-11D3-BF4B-00C04F79EFBC}") = "ZamjenaDomova.Mobile.UWP", "ZamjenaDomova.Mobile\ZamjenaDomova.Mobile.UWP\ZamjenaDomova.Mobile.UWP.csproj", "{81598750-7E01-4243-9C26-BBB67D79D4AB}"
EndProject
Project("{9A19103F-16F7-4668-BE54-9A1E7A4F7556}") = "ZamjenaDomova.Mobile", "ZamjenaDomova.Mobile\ZamjenaDomova.Mobile\ZamjenaDomova.Mobile.csproj", "{0C1AC216-3445-4972-A50A-DAFA3CE677D7}"
EndProject
Global
	GlobalSection(SolutionConfigurationPlatforms) = preSolution
		Debug|Any CPU = Debug|Any CPU
		Debug|ARM = Debug|ARM
		Debug|iPhone = Debug|iPhone
		Debug|iPhoneSimulator = Debug|iPhoneSimulator
		Debug|x64 = Debug|x64
		Debug|x86 = Debug|x86
		Release|Any CPU = Release|Any CPU
		Release|ARM = Release|ARM
		Release|iPhone = Release|iPhone
		Release|iPhoneSimulator = Release|iPhoneSimulator
		Release|x64 = Release|x64
		Release|x86 = Release|x86
	EndGlobalSection
	GlobalSection(ProjectConfigurationPlatforms) = postSolution
		{D6D4535B-69C3-4A73-9C6F-DE963BB89778}.Debug|Any CPU.ActiveCfg = Debug|Any CPU
		{D6D4535B-69C3-4A73-9C6F-DE963BB89778}.Debug|Any CPU.Build.0 = Debug|Any CPU
		{D6D4535B-69C3-4A73-9C6F-DE963BB89778}.Debug|ARM.ActiveCfg = Debug|Any CPU
		{D6D4535B-69C3-4A73-9C6F-DE963BB89778}.Debug|ARM.Build.0 = Debug|Any CPU
		{D6D4535B-69C3-4A73-9C6F-DE963BB89778}.Debug|iPhone.ActiveCfg = Debug|Any CPU
		{D6D4535B-69C3-4A73-9C6F-DE963BB89778}.Debug|iPhone.Build.0 = Debug|Any CPU
		{D6D4535B-69C3-4A73-9C6F-DE963BB89778}.Debug|iPhoneSimulator.ActiveCfg = Debug|Any CPU
		{D6D4535B-69C3-4A73-9C6F-DE963BB89778}.Debug|iPhoneSimulator.Build.0 = Debug|Any CPU
		{D6D4535B-69C3-4A73-9C6F-DE963BB89778}.Debug|x64.ActiveCfg = Debug|Any CPU
		{D6D4535B-69C3-4A73-9C6F-DE963BB89778}.Debug|x64.Build.0 = Debug|Any CPU
		{D6D4535B-69C3-4A73-9C6F-DE963BB89778}.Debug|x86.ActiveCfg = Debug|Any CPU
		{D6D4535B-69C3-4A73-9C6F-DE963BB89778}.Debug|x86.Build.0 = Debug|Any CPU
		{D6D4535B-69C3-4A73-9C6F-DE963BB89778}.Release|Any CPU.ActiveCfg = Release|Any CPU
		{D6D4535B-69C3-4A73-9C6F-DE963BB89778}.Release|Any CPU.Build.0 = Release|Any CPU
		{D6D4535B-69C3-4A73-9C6F-DE963BB89778}.Release|ARM.ActiveCfg = Release|Any CPU
		{D6D4535B-69C3-4A73-9C6F-DE963BB89778}.Release|ARM.Build.0 = Release|Any CPU
		{D6D4535B-69C3-4A73-9C6F-DE963BB89778}.Release|iPhone.ActiveCfg = Release|Any CPU
		{D6D4535B-69C3-4A73-9C6F-DE963BB89778}.Release|iPhone.Build.0 = Release|Any CPU
		{D6D4535B-69C3-4A73-9C6F-DE963BB89778}.Release|iPhoneSimulator.ActiveCfg = Release|Any CPU
		{D6D4535B-69C3-4A73-9C6F-DE963BB89778}.Release|iPhoneSimulator.Build.0 = Release|Any CPU
		{D6D4535B-69C3-4A73-9C6F-DE963BB89778}.Release|x64.ActiveCfg = Release|Any CPU
		{D6D4535B-69C3-4A73-9C6F-DE963BB89778}.Release|x64.Build.0 = Release|Any CPU
		{D6D4535B-69C3-4A73-9C6F-DE963BB89778}.Release|x86.ActiveCfg = Release|Any CPU
		{D6D4535B-69C3-4A73-9C6F-DE963BB89778}.Release|x86.Build.0 = Release|Any CPU
		{9BA792ED-E29B-459F-8556-0B12C314C7B9}.Debug|Any CPU.ActiveCfg = Debug|Any CPU
		{9BA792ED-E29B-459F-8556-0B12C314C7B9}.Debug|Any CPU.Build.0 = Debug|Any CPU
		{9BA792ED-E29B-459F-8556-0B12C314C7B9}.Debug|ARM.ActiveCfg = Debug|Any CPU
		{9BA792ED-E29B-459F-8556-0B12C314C7B9}.Debug|ARM.Build.0 = Debug|Any CPU
		{9BA792ED-E29B-459F-8556-0B12C314C7B9}.Debug|iPhone.ActiveCfg = Debug|Any CPU
		{9BA792ED-E29B-459F-8556-0B12C314C7B9}.Debug|iPhone.Build.0 = Debug|Any CPU
		{9BA792ED-E29B-459F-8556-0B12C314C7B9}.Debug|iPhoneSimulator.ActiveCfg = Debug|Any CPU
		{9BA792ED-E29B-459F-8556-0B12C314C7B9}.Debug|iPhoneSimulator.Build.0 = Debug|Any CPU
		{9BA792ED-E29B-459F-8556-0B12C314C7B9}.Debug|x64.ActiveCfg = Debug|Any CPU
		{9BA792ED-E29B-459F-8556-0B12C314C7B9}.Debug|x64.Build.0 = Debug|Any CPU
		{9BA792ED-E29B-459F-8556-0B12C314C7B9}.Debug|x86.ActiveCfg = Debug|Any CPU
		{9BA792ED-E29B-459F-8556-0B12C314C7B9}.Debug|x86.Build.0 = Debug|Any CPU
		{9BA792ED-E29B-459F-8556-0B12C314C7B9}.Release|Any CPU.ActiveCfg = Release|Any CPU
		{9BA792ED-E29B-459F-8556-0B12C314C7B9}.Release|Any CPU.Build.0 = Release|Any CPU
		{9BA792ED-E29B-459F-8556-0B12C314C7B9}.Release|ARM.ActiveCfg = Release|Any CPU
		{9BA792ED-E29B-459F-8556-0B12C314C7B9}.Release|ARM.Build.0 = Release|Any CPU
		{9BA792ED-E29B-459F-8556-0B12C314C7B9}.Release|iPhone.ActiveCfg = Release|Any CPU
		{9BA792ED-E29B-459F-8556-0B12C314C7B9}.Release|iPhone.Build.0 = Release|Any CPU
		{9BA792ED-E29B-459F-8556-0B12C314C7B9}.Release|iPhoneSimulator.ActiveCfg = Release|Any CPU
		{9BA792ED-E29B-459F-8556-0B12C314C7B9}.Release|iPhoneSimulator.Build.0 = Release|Any CPU
		{9BA792ED-E29B-459F-8556-0B12C314C7B9}.Release|x64.ActiveCfg = Release|Any CPU
		{9BA792ED-E29B-459F-8556-0B12C314C7B9}.Release|x64.Build.0 = Release|Any CPU
		{9BA792ED-E29B-459F-8556-0B12C314C7B9}.Release|x86.ActiveCfg = Release|Any CPU
		{9BA792ED-E29B-459F-8556-0B12C314C7B9}.Release|x86.Build.0 = Release|Any CPU
		{2343D835-CE45-40D3-A3A0-1EB787E17628}.Debug|Any CPU.ActiveCfg = Debug|Any CPU
		{2343D835-CE45-40D3-A3A0-1EB787E17628}.Debug|Any CPU.Build.0 = Debug|Any CPU
		{2343D835-CE45-40D3-A3A0-1EB787E17628}.Debug|ARM.ActiveCfg = Debug|Any CPU
		{2343D835-CE45-40D3-A3A0-1EB787E17628}.Debug|ARM.Build.0 = Debug|Any CPU
		{2343D835-CE45-40D3-A3A0-1EB787E17628}.Debug|iPhone.ActiveCfg = Debug|Any CPU
		{2343D835-CE45-40D3-A3A0-1EB787E17628}.Debug|iPhone.Build.0 = Debug|Any CPU
		{2343D835-CE45-40D3-A3A0-1EB787E17628}.Debug|iPhoneSimulator.ActiveCfg = Debug|Any CPU
		{2343D835-CE45-40D3-A3A0-1EB787E17628}.Debug|iPhoneSimulator.Build.0 = Debug|Any CPU
		{2343D835-CE45-40D3-A3A0-1EB787E17628}.Debug|x64.ActiveCfg = Debug|Any CPU
		{2343D835-CE45-40D3-A3A0-1EB787E17628}.Debug|x64.Build.0 = Debug|Any CPU
		{2343D835-CE45-40D3-A3A0-1EB787E17628}.Debug|x86.ActiveCfg = Debug|Any CPU
		{2343D835-CE45-40D3-A3A0-1EB787E17628}.Debug|x86.Build.0 = Debug|Any CPU
		{2343D835-CE45-40D3-A3A0-1EB787E17628}.Release|Any CPU.ActiveCfg = Release|Any CPU
		{2343D835-CE45-40D3-A3A0-1EB787E17628}.Release|Any CPU.Build.0 = Release|Any CPU
		{2343D835-CE45-40D3-A3A0-1EB787E17628}.Release|ARM.ActiveCfg = Release|Any CPU
		{2343D835-CE45-40D3-A3A0-1EB787E17628}.Release|ARM.Build.0 = Release|Any CPU
		{2343D835-CE45-40D3-A3A0-1EB787E17628}.Release|iPhone.ActiveCfg = Release|Any CPU
		{2343D835-CE45-40D3-A3A0-1EB787E17628}.Release|iPhone.Build.0 = Release|Any CPU
		{2343D835-CE45-40D3-A3A0-1EB787E17628}.Release|iPhoneSimulator.ActiveCfg = Release|Any CPU
		{2343D835-CE45-40D3-A3A0-1EB787E17628}.Release|iPhoneSimulator.Build.0 = Release|Any CPU
		{2343D835-CE45-40D3-A3A0-1EB787E17628}.Release|x64.ActiveCfg = Release|Any CPU
		{2343D835-CE45-40D3-A3A0-1EB787E17628}.Release|x64.Build.0 = Release|Any CPU
		{2343D835-CE45-40D3-A3A0-1EB787E17628}.Release|x86.ActiveCfg = Release|Any CPU
		{2343D835-CE45-40D3-A3A0-1EB787E17628}.Release|x86.Build.0 = Release|Any CPU
		{81598750-7E01-4243-9C26-BBB67D79D4AB}.Debug|Any CPU.ActiveCfg = Debug|x86
		{81598750-7E01-4243-9C26-BBB67D79D4AB}.Debug|Any CPU.Build.0 = Debug|x86
		{81598750-7E01-4243-9C26-BBB67D79D4AB}.Debug|Any CPU.Deploy.0 = Debug|x86
		{81598750-7E01-4243-9C26-BBB67D79D4AB}.Debug|ARM.ActiveCfg = Debug|ARM
		{81598750-7E01-4243-9C26-BBB67D79D4AB}.Debug|ARM.Build.0 = Debug|ARM
		{81598750-7E01-4243-9C26-BBB67D79D4AB}.Debug|ARM.Deploy.0 = Debug|ARM
		{81598750-7E01-4243-9C26-BBB67D79D4AB}.Debug|iPhone.ActiveCfg = Debug|x86
		{81598750-7E01-4243-9C26-BBB67D79D4AB}.Debug|iPhoneSimulator.ActiveCfg = Debug|x86
		{81598750-7E01-4243-9C26-BBB67D79D4AB}.Debug|x64.ActiveCfg = Debug|x64
		{81598750-7E01-4243-9C26-BBB67D79D4AB}.Debug|x64.Build.0 = Debug|x64
		{81598750-7E01-4243-9C26-BBB67D79D4AB}.Debug|x64.Deploy.0 = Debug|x64
		{81598750-7E01-4243-9C26-BBB67D79D4AB}.Debug|x86.ActiveCfg = Debug|x86
		{81598750-7E01-4243-9C26-BBB67D79D4AB}.Debug|x86.Build.0 = Debug|x86
		{81598750-7E01-4243-9C26-BBB67D79D4AB}.Debug|x86.Deploy.0 = Debug|x86
		{81598750-7E01-4243-9C26-BBB67D79D4AB}.Release|Any CPU.ActiveCfg = Release|x86
		{81598750-7E01-4243-9C26-BBB67D79D4AB}.Release|ARM.ActiveCfg = Release|ARM
		{81598750-7E01-4243-9C26-BBB67D79D4AB}.Release|ARM.Build.0 = Release|ARM
		{81598750-7E01-4243-9C26-BBB67D79D4AB}.Release|ARM.Deploy.0 = Release|ARM
		{81598750-7E01-4243-9C26-BBB67D79D4AB}.Release|iPhone.ActiveCfg = Release|x86
		{81598750-7E01-4243-9C26-BBB67D79D4AB}.Release|iPhoneSimulator.ActiveCfg = Release|x86
		{81598750-7E01-4243-9C26-BBB67D79D4AB}.Release|x64.ActiveCfg = Release|x64
		{81598750-7E01-4243-9C26-BBB67D79D4AB}.Release|x64.Build.0 = Release|x64
		{81598750-7E01-4243-9C26-BBB67D79D4AB}.Release|x64.Deploy.0 = Release|x64
		{81598750-7E01-4243-9C26-BBB67D79D4AB}.Release|x86.ActiveCfg = Release|x86
		{81598750-7E01-4243-9C26-BBB67D79D4AB}.Release|x86.Build.0 = Release|x86
		{81598750-7E01-4243-9C26-BBB67D79D4AB}.Release|x86.Deploy.0 = Release|x86
		{0C1AC216-3445-4972-A50A-DAFA3CE677D7}.Debug|Any CPU.ActiveCfg = Debug|Any CPU
		{0C1AC216-3445-4972-A50A-DAFA3CE677D7}.Debug|Any CPU.Build.0 = Debug|Any CPU
		{0C1AC216-3445-4972-A50A-DAFA3CE677D7}.Debug|ARM.ActiveCfg = Debug|Any CPU
		{0C1AC216-3445-4972-A50A-DAFA3CE677D7}.Debug|ARM.Build.0 = Debug|Any CPU
		{0C1AC216-3445-4972-A50A-DAFA3CE677D7}.Debug|iPhone.ActiveCfg = Debug|Any CPU
		{0C1AC216-3445-4972-A50A-DAFA3CE677D7}.Debug|iPhone.Build.0 = Debug|Any CPU
		{0C1AC216-3445-4972-A50A-DAFA3CE677D7}.Debug|iPhoneSimulator.ActiveCfg = Debug|Any CPU
		{0C1AC216-3445-4972-A50A-DAFA3CE677D7}.Debug|iPhoneSimulator.Build.0 = Debug|Any CPU
		{0C1AC216-3445-4972-A50A-DAFA3CE677D7}.Debug|x64.ActiveCfg = Debug|Any CPU
		{0C1AC216-3445-4972-A50A-DAFA3CE677D7}.Debug|x64.Build.0 = Debug|Any CPU
		{0C1AC216-3445-4972-A50A-DAFA3CE677D7}.Debug|x86.ActiveCfg = Debug|Any CPU
		{0C1AC216-3445-4972-A50A-DAFA3CE677D7}.Debug|x86.Build.0 = Debug|Any CPU
		{0C1AC216-3445-4972-A50A-DAFA3CE677D7}.Release|Any CPU.ActiveCfg = Release|Any CPU
		{0C1AC216-3445-4972-A50A-DAFA3CE677D7}.Release|Any CPU.Build.0 = Release|Any CPU
		{0C1AC216-3445-4972-A50A-DAFA3CE677D7}.Release|ARM.ActiveCfg = Release|Any CPU
		{0C1AC216-3445-4972-A50A-DAFA3CE677D7}.Release|ARM.Build.0 = Release|Any CPU
		{0C1AC216-3445-4972-A50A-DAFA3CE677D7}.Release|iPhone.ActiveCfg = Release|Any CPU
		{0C1AC216-3445-4972-A50A-DAFA3CE677D7}.Release|iPhone.Build.0 = Release|Any CPU
		{0C1AC216-3445-4972-A50A-DAFA3CE677D7}.Release|iPhoneSimulator.ActiveCfg = Release|Any CPU
		{0C1AC216-3445-4972-A50A-DAFA3CE677D7}.Release|iPhoneSimulator.Build.0 = Release|Any CPU
		{0C1AC216-3445-4972-A50A-DAFA3CE677D7}.Release|x64.ActiveCfg = Release|Any CPU
		{0C1AC216-3445-4972-A50A-DAFA3CE677D7}.Release|x64.Build.0 = Release|Any CPU
		{0C1AC216-3445-4972-A50A-DAFA3CE677D7}.Release|x86.ActiveCfg = Release|Any CPU
		{0C1AC216-3445-4972-A50A-DAFA3CE677D7}.Release|x86.Build.0 = Release|Any CPU
	EndGlobalSection
	GlobalSection(SolutionProperties) = preSolution
		HideSolutionNode = FALSE
	EndGlobalSection
	GlobalSection(NestedProjects) = preSolution
		{2343D835-CE45-40D3-A3A0-1EB787E17628} = {BA92612D-CEB9-47B7-BCC6-2BDBF767489D}
		{81598750-7E01-4243-9C26-BBB67D79D4AB} = {BA92612D-CEB9-47B7-BCC6-2BDBF767489D}
		{0C1AC216-3445-4972-A50A-DAFA3CE677D7} = {BA92612D-CEB9-47B7-BCC6-2BDBF767489D}
	EndGlobalSection
	GlobalSection(ExtensibilityGlobals) = postSolution
		SolutionGuid = {18BFE65A-63A8-43B5-836C-0DC9F83B2DF8}
	EndGlobalSection
EndGlobal
